
Microsoft Visual Studio Solution File, Format Version 12.00
# Visual Studio 14
VisualStudioVersion = 14.0.25420.1
MinimumVisualStudioVersion = 10.0.40219.1
Project("{FAE04EC0-301F-11D3-BF4B-00C04F79EFBC}") = "BYS.Satori.TA.ExcelUtils", "ExcelUtils\BYS.Satori.TA.ExcelUtils.csproj", "{71A55D8E-770C-4D7F-B51B-4B68B1144F48}"
EndProject
Project("{FAE04EC0-301F-11D3-BF4B-00C04F79EFBC}") = "BYS.Satori.TA.XmlUtils", "XmlUtils\BYS.Satori.TA.XmlUtils.csproj", "{A35F24C3-4A3D-43AC-B0A2-0136FFDC5BA3}"
EndProject
Project("{FAE04EC0-301F-11D3-BF4B-00C04F79EFBC}") = "BYS.Satori.TA.BLL", "BYS.Satori.TA.BLL\BYS.Satori.TA.BLL.csproj", "{DD77AA94-1284-4232-A84D-CFA66BCCE78A}"
EndProject
Project("{FAE04EC0-301F-11D3-BF4B-00C04F79EFBC}") = "BYS.Satori.TA.Model", "BYS.Satori.TA.Model\BYS.Satori.TA.Model.csproj", "{DBB43137-A18C-4DA7-92FF-F1DEFD4E14C3}"
EndProject
Project("{FAE04EC0-301F-11D3-BF4B-00C04F79EFBC}") = "BYS.Satori.TA.UIPortal", "BYS.Satori.TA.UIPortal\BYS.Satori.TA.UIPortal.csproj", "{037BAAE1-E10E-4D82-8A27-519F25744118}"
EndProject
Global
	GlobalSection(SolutionConfigurationPlatforms) = preSolution
		Debug|Any CPU = Debug|Any CPU
		Release|Any CPU = Release|Any CPU
	EndGlobalSection
	GlobalSection(ProjectConfigurationPlatforms) = postSolution
		{71A55D8E-770C-4D7F-B51B-4B68B1144F48}.Debug|Any CPU.ActiveCfg = Debug|Any CPU
		{71A55D8E-770C-4D7F-B51B-4B68B1144F48}.Debug|Any CPU.Build.0 = Debug|Any CPU
		{71A55D8E-770C-4D7F-B51B-4B68B1144F48}.Release|Any CPU.ActiveCfg = Release|Any CPU
		{71A55D8E-770C-4D7F-B51B-4B68B1144F48}.Release|Any CPU.Build.0 = Release|Any CPU
		{A35F24C3-4A3D-43AC-B0A2-0136FFDC5BA3}.Debug|Any CPU.ActiveCfg = Debug|Any CPU
		{A35F24C3-4A3D-43AC-B0A2-0136FFDC5BA3}.Debug|Any CPU.Build.0 = Debug|Any CPU
		{A35F24C3-4A3D-43AC-B0A2-0136FFDC5BA3}.Release|Any CPU.ActiveCfg = Release|Any CPU
		{A35F24C3-4A3D-43AC-B0A2-0136FFDC5BA3}.Release|Any CPU.Build.0 = Release|Any CPU
		{DD77AA94-1284-4232-A84D-CFA66BCCE78A}.Debug|Any CPU.ActiveCfg = Debug|Any CPU
		{DD77AA94-1284-4232-A84D-CFA66BCCE78A}.Debug|Any CPU.Build.0 = Debug|Any CPU
		{DD77AA94-1284-4232-A84D-CFA66BCCE78A}.Release|Any CPU.ActiveCfg = Release|Any CPU
		{DD77AA94-1284-4232-A84D-CFA66BCCE78A}.Release|Any CPU.Build.0 = Release|Any CPU
		{DBB43137-A18C-4DA7-92FF-F1DEFD4E14C3}.Debug|Any CPU.ActiveCfg = Debug|Any CPU
		{DBB43137-A18C-4DA7-92FF-F1DEFD4E14C3}.Debug|Any CPU.Build.0 = Debug|Any CPU
		{DBB43137-A18C-4DA7-92FF-F1DEFD4E14C3}.Release|Any CPU.ActiveCfg = Release|Any CPU
		{DBB43137-A18C-4DA7-92FF-F1DEFD4E14C3}.Release|Any CPU.Build.0 = Release|Any CPU
		{037BAAE1-E10E-4D82-8A27-519F25744118}.Debug|Any CPU.ActiveCfg = Debug|Any CPU
		{037BAAE1-E10E-4D82-8A27-519F25744118}.Debug|Any CPU.Build.0 = Debug|Any CPU
		{037BAAE1-E10E-4D82-8A27-519F25744118}.Release|Any CPU.ActiveCfg = Release|Any CPU
		{037BAAE1-E10E-4D82-8A27-519F25744118}.Release|Any CPU.Build.0 = Release|Any CPU
	EndGlobalSection
	GlobalSection(SolutionProperties) = preSolution
		HideSolutionNode = FALSE
	EndGlobalSection
EndGlobal
